
Microsoft Visual Studio Solution File, Format Version 12.00
# Visual Studio Version 16
VisualStudioVersion = 16.0.31515.178
MinimumVisualStudioVersion = 10.0.40219.1
Project("{FAE04EC0-301F-11D3-BF4B-00C04F79EFBC}") = "JProxy", "JProxy\JProxy.csproj", "{0E46F241-2C08-4EA5-A6E9-05B3696C96DE}"
EndProject
Project("{2150E333-8FDC-42A3-9474-1A3956D46DE8}") = "Solution Items", "Solution Items", "{62475EEB-D4EB-4AFD-906C-D09C7EBFD8EE}"
	ProjectSection(SolutionItems) = preProject
		README.md = README.md
	EndProjectSection
EndProject
Global
	GlobalSection(SolutionConfigurationPlatforms) = preSolution
		Debug|Any CPU = Debug|Any CPU
		Release|Any CPU = Release|Any CPU
	EndGlobalSection
	GlobalSection(ProjectConfigurationPlatforms) = postSolution
		{0E46F241-2C08-4EA5-A6E9-05B3696C96DE}.Debug|Any CPU.ActiveCfg = Debug|Any CPU
		{0E46F241-2C08-4EA5-A6E9-05B3696C96DE}.Debug|Any CPU.Build.0 = Debug|Any CPU
		{0E46F241-2C08-4EA5-A6E9-05B3696C96DE}.Release|Any CPU.ActiveCfg = Release|Any CPU
		{0E46F241-2C08-4EA5-A6E9-05B3696C96DE}.Release|Any CPU.Build.0 = Release|Any CPU
	EndGlobalSection
	GlobalSection(SolutionProperties) = preSolution
		HideSolutionNode = FALSE
	EndGlobalSection
	GlobalSection(ExtensibilityGlobals) = postSolution
		SolutionGuid = {9FF76F40-5215-4CA2-85E2-5E95EB9002E0}
	EndGlobalSection
EndGlobal
